
Microsoft Visual Studio Solution File, Format Version 12.00
# Visual Studio Version 16
VisualStudioVersion = 16.0.29215.179
MinimumVisualStudioVersion = 10.0.40219.1
Project("{FAE04EC0-301F-11D3-BF4B-00C04F79EFBC}") = "P32.MergeNumerosControl", "P32.MergeNumerosControl\P32.MergeNumerosControl.csproj", "{72F51B92-F93C-493B-AE0F-D0AAC88F58CF}"
EndProject
Global
	GlobalSection(SolutionConfigurationPlatforms) = preSolution
		Debug|Any CPU = Debug|Any CPU
		Release|Any CPU = Release|Any CPU
	EndGlobalSection
	GlobalSection(ProjectConfigurationPlatforms) = postSolution
		{72F51B92-F93C-493B-AE0F-D0AAC88F58CF}.Debug|Any CPU.ActiveCfg = Debug|Any CPU
		{72F51B92-F93C-493B-AE0F-D0AAC88F58CF}.Debug|Any CPU.Build.0 = Debug|Any CPU
		{72F51B92-F93C-493B-AE0F-D0AAC88F58CF}.Release|Any CPU.ActiveCfg = Release|Any CPU
		{72F51B92-F93C-493B-AE0F-D0AAC88F58CF}.Release|Any CPU.Build.0 = Release|Any CPU
	EndGlobalSection
	GlobalSection(SolutionProperties) = preSolution
		HideSolutionNode = FALSE
	EndGlobalSection
	GlobalSection(ExtensibilityGlobals) = postSolution
		SolutionGuid = {92B15C93-BE97-4FC0-87C7-2B75DED02A07}
	EndGlobalSection
EndGlobal
