
Microsoft Visual Studio Solution File, Format Version 12.00
# Visual Studio Version 16
VisualStudioVersion = 16.0.29215.179
MinimumVisualStudioVersion = 10.0.40219.1
Project("{FAE04EC0-301F-11D3-BF4B-00C04F79EFBC}") = "P3.MergeEstados", "P3.MergeEstados\P3.MergeEstados.csproj", "{99528F74-2FBF-4A72-80BE-37DDA38801F2}"
EndProject
Global
	GlobalSection(SolutionConfigurationPlatforms) = preSolution
		Debug|Any CPU = Debug|Any CPU
		Release|Any CPU = Release|Any CPU
	EndGlobalSection
	GlobalSection(ProjectConfigurationPlatforms) = postSolution
		{99528F74-2FBF-4A72-80BE-37DDA38801F2}.Debug|Any CPU.ActiveCfg = Debug|Any CPU
		{99528F74-2FBF-4A72-80BE-37DDA38801F2}.Debug|Any CPU.Build.0 = Debug|Any CPU
		{99528F74-2FBF-4A72-80BE-37DDA38801F2}.Release|Any CPU.ActiveCfg = Release|Any CPU
		{99528F74-2FBF-4A72-80BE-37DDA38801F2}.Release|Any CPU.Build.0 = Release|Any CPU
	EndGlobalSection
	GlobalSection(SolutionProperties) = preSolution
		HideSolutionNode = FALSE
	EndGlobalSection
	GlobalSection(ExtensibilityGlobals) = postSolution
		SolutionGuid = {FE6E90DC-C6E1-44EC-A4F7-CA8EA00ACA09}
	EndGlobalSection
EndGlobal
