
Microsoft Visual Studio Solution File, Format Version 12.00
# Visual Studio Version 16
VisualStudioVersion = 16.0.29215.179
MinimumVisualStudioVersion = 10.0.40219.1
Project("{FAE04EC0-301F-11D3-BF4B-00C04F79EFBC}") = "P21.ArbolNombres", "P21.ArbolNombres\P21.ArbolNombres.csproj", "{92C0A134-E3F8-4D83-BF51-D4ECBAFEA4FA}"
EndProject
Global
	GlobalSection(SolutionConfigurationPlatforms) = preSolution
		Debug|Any CPU = Debug|Any CPU
		Release|Any CPU = Release|Any CPU
	EndGlobalSection
	GlobalSection(ProjectConfigurationPlatforms) = postSolution
		{92C0A134-E3F8-4D83-BF51-D4ECBAFEA4FA}.Debug|Any CPU.ActiveCfg = Debug|Any CPU
		{92C0A134-E3F8-4D83-BF51-D4ECBAFEA4FA}.Debug|Any CPU.Build.0 = Debug|Any CPU
		{92C0A134-E3F8-4D83-BF51-D4ECBAFEA4FA}.Release|Any CPU.ActiveCfg = Release|Any CPU
		{92C0A134-E3F8-4D83-BF51-D4ECBAFEA4FA}.Release|Any CPU.Build.0 = Release|Any CPU
	EndGlobalSection
	GlobalSection(SolutionProperties) = preSolution
		HideSolutionNode = FALSE
	EndGlobalSection
	GlobalSection(ExtensibilityGlobals) = postSolution
		SolutionGuid = {156B13EF-E7D6-4197-859B-86678E3CD899}
	EndGlobalSection
EndGlobal
