
Microsoft Visual Studio Solution File, Format Version 12.00
# Visual Studio Version 16
VisualStudioVersion = 16.0.29215.179
MinimumVisualStudioVersion = 10.0.40219.1
Project("{FAE04EC0-301F-11D3-BF4B-00C04F79EFBC}") = "P3.MemoriaDinamica", "P3.MemoriaDinamica\P3.MemoriaDinamica.csproj", "{0B6D285D-8C8E-42FE-A5B3-EEB386E9EAEF}"
EndProject
Global
	GlobalSection(SolutionConfigurationPlatforms) = preSolution
		Debug|Any CPU = Debug|Any CPU
		Release|Any CPU = Release|Any CPU
	EndGlobalSection
	GlobalSection(ProjectConfigurationPlatforms) = postSolution
		{0B6D285D-8C8E-42FE-A5B3-EEB386E9EAEF}.Debug|Any CPU.ActiveCfg = Debug|Any CPU
		{0B6D285D-8C8E-42FE-A5B3-EEB386E9EAEF}.Debug|Any CPU.Build.0 = Debug|Any CPU
		{0B6D285D-8C8E-42FE-A5B3-EEB386E9EAEF}.Release|Any CPU.ActiveCfg = Release|Any CPU
		{0B6D285D-8C8E-42FE-A5B3-EEB386E9EAEF}.Release|Any CPU.Build.0 = Release|Any CPU
	EndGlobalSection
	GlobalSection(SolutionProperties) = preSolution
		HideSolutionNode = FALSE
	EndGlobalSection
	GlobalSection(ExtensibilityGlobals) = postSolution
		SolutionGuid = {5974F84A-DEDA-4E9B-8AD2-444D61F652A0}
	EndGlobalSection
EndGlobal
