
Microsoft Visual Studio Solution File, Format Version 12.00
# Visual Studio Version 16
VisualStudioVersion = 16.0.29215.179
MinimumVisualStudioVersion = 10.0.40219.1
Project("{FAE04EC0-301F-11D3-BF4B-00C04F79EFBC}") = "P19.ArbolNumeros", "P19.ArbolNumeros\P19.ArbolNumeros.csproj", "{5FFB7046-CC35-4A9F-8317-9D94E5CABFEA}"
EndProject
Global
	GlobalSection(SolutionConfigurationPlatforms) = preSolution
		Debug|Any CPU = Debug|Any CPU
		Release|Any CPU = Release|Any CPU
	EndGlobalSection
	GlobalSection(ProjectConfigurationPlatforms) = postSolution
		{5FFB7046-CC35-4A9F-8317-9D94E5CABFEA}.Debug|Any CPU.ActiveCfg = Debug|Any CPU
		{5FFB7046-CC35-4A9F-8317-9D94E5CABFEA}.Debug|Any CPU.Build.0 = Debug|Any CPU
		{5FFB7046-CC35-4A9F-8317-9D94E5CABFEA}.Release|Any CPU.ActiveCfg = Release|Any CPU
		{5FFB7046-CC35-4A9F-8317-9D94E5CABFEA}.Release|Any CPU.Build.0 = Release|Any CPU
	EndGlobalSection
	GlobalSection(SolutionProperties) = preSolution
		HideSolutionNode = FALSE
	EndGlobalSection
	GlobalSection(ExtensibilityGlobals) = postSolution
		SolutionGuid = {2C56DF17-457D-4016-B89D-C8B4F1C7C219}
	EndGlobalSection
EndGlobal
