
Microsoft Visual Studio Solution File, Format Version 12.00
# Visual Studio Version 16
VisualStudioVersion = 16.0.29215.179
MinimumVisualStudioVersion = 10.0.40219.1
Project("{FAE04EC0-301F-11D3-BF4B-00C04F79EFBC}") = "P2.MemoraEstatica", "P2.MemoraEstatica\P2.MemoraEstatica.csproj", "{F59D1769-C332-463D-938F-5D1D1BBD780E}"
EndProject
Global
	GlobalSection(SolutionConfigurationPlatforms) = preSolution
		Debug|Any CPU = Debug|Any CPU
		Release|Any CPU = Release|Any CPU
	EndGlobalSection
	GlobalSection(ProjectConfigurationPlatforms) = postSolution
		{F59D1769-C332-463D-938F-5D1D1BBD780E}.Debug|Any CPU.ActiveCfg = Debug|Any CPU
		{F59D1769-C332-463D-938F-5D1D1BBD780E}.Debug|Any CPU.Build.0 = Debug|Any CPU
		{F59D1769-C332-463D-938F-5D1D1BBD780E}.Release|Any CPU.ActiveCfg = Release|Any CPU
		{F59D1769-C332-463D-938F-5D1D1BBD780E}.Release|Any CPU.Build.0 = Release|Any CPU
	EndGlobalSection
	GlobalSection(SolutionProperties) = preSolution
		HideSolutionNode = FALSE
	EndGlobalSection
	GlobalSection(ExtensibilityGlobals) = postSolution
		SolutionGuid = {A7A5EF9C-3F8D-44D1-A032-21772337BAEB}
	EndGlobalSection
EndGlobal
