
Microsoft Visual Studio Solution File, Format Version 12.00
# Visual Studio Version 16
VisualStudioVersion = 16.0.29215.179
MinimumVisualStudioVersion = 10.0.40219.1
Project("{FAE04EC0-301F-11D3-BF4B-00C04F79EFBC}") = "P5.2.Recursividad", "P5.2.Recursividad\P5.2.Recursividad.csproj", "{329351CF-77B3-4677-9FFC-1F39A1448F30}"
EndProject
Global
	GlobalSection(SolutionConfigurationPlatforms) = preSolution
		Debug|Any CPU = Debug|Any CPU
		Release|Any CPU = Release|Any CPU
	EndGlobalSection
	GlobalSection(ProjectConfigurationPlatforms) = postSolution
		{329351CF-77B3-4677-9FFC-1F39A1448F30}.Debug|Any CPU.ActiveCfg = Debug|Any CPU
		{329351CF-77B3-4677-9FFC-1F39A1448F30}.Debug|Any CPU.Build.0 = Debug|Any CPU
		{329351CF-77B3-4677-9FFC-1F39A1448F30}.Release|Any CPU.ActiveCfg = Release|Any CPU
		{329351CF-77B3-4677-9FFC-1F39A1448F30}.Release|Any CPU.Build.0 = Release|Any CPU
	EndGlobalSection
	GlobalSection(SolutionProperties) = preSolution
		HideSolutionNode = FALSE
	EndGlobalSection
	GlobalSection(ExtensibilityGlobals) = postSolution
		SolutionGuid = {5CF7499D-B123-4553-B29B-81E0FF168D27}
	EndGlobalSection
EndGlobal
