
Microsoft Visual Studio Solution File, Format Version 12.00
# Visual Studio Version 16
VisualStudioVersion = 16.0.29215.179
MinimumVisualStudioVersion = 10.0.40219.1
Project("{FAE04EC0-301F-11D3-BF4B-00C04F79EFBC}") = "P26.QuickSortNumControl", "P26.QuickSortNumControl\P26.QuickSortNumControl.csproj", "{F78959E4-2D3D-4E85-8BD8-14392F2A5165}"
EndProject
Global
	GlobalSection(SolutionConfigurationPlatforms) = preSolution
		Debug|Any CPU = Debug|Any CPU
		Release|Any CPU = Release|Any CPU
	EndGlobalSection
	GlobalSection(ProjectConfigurationPlatforms) = postSolution
		{F78959E4-2D3D-4E85-8BD8-14392F2A5165}.Debug|Any CPU.ActiveCfg = Debug|Any CPU
		{F78959E4-2D3D-4E85-8BD8-14392F2A5165}.Debug|Any CPU.Build.0 = Debug|Any CPU
		{F78959E4-2D3D-4E85-8BD8-14392F2A5165}.Release|Any CPU.ActiveCfg = Release|Any CPU
		{F78959E4-2D3D-4E85-8BD8-14392F2A5165}.Release|Any CPU.Build.0 = Release|Any CPU
	EndGlobalSection
	GlobalSection(SolutionProperties) = preSolution
		HideSolutionNode = FALSE
	EndGlobalSection
	GlobalSection(ExtensibilityGlobals) = postSolution
		SolutionGuid = {F6A2D490-5EC6-4B8C-A79E-2A94F97054F8}
	EndGlobalSection
EndGlobal
